<Solution>
  <Folder Name="/items/">
    <File Path=".editorconfig" />
    <File Path=".gitattributes" />
    <File Path=".gitignore" />
    <File Path="Directory.Build.props" />
    <File Path="README.md" />
  </Folder>
  <Folder Name="/src/">
    <Project Path="src/Zubr.Build/Zubr.Build.csproj" Id="3cc0ccf7-6169-49a9-acaf-496a6eef0dc9" />
    <Project Path="src/Zubr.Cli/Zubr.Cli.csproj" Id="85be9eb7-92ea-429f-8bda-148e61e9781f" />
    <Project Path="src/Zubr.Compiler.CSharp/Zubr.Compiler.CSharp.csproj" Id="33d0fcf0-25ba-420d-b2a7-39d4122417b1" />
    <Project Path="src/Zubr.Compiler/Zubr.Compiler.csproj" />
  </Folder>
</Solution>
